// !$*UTF8*$!
{
	archiveVersion = 1;
	classes = {
	};
	objectVersion = 46;
	objects = {

/* Begin PBXBuildFile section */
		321B66471C3A8DD800E25171 /* main.m in Sources */ = {isa = PBXBuildFile; fileRef = 321B66461C3A8DD800E25171 /* main.m */; };
		321B664A1C3A8DD800E25171 /* AppDelegate.m in Sources */ = {isa = PBXBuildFile; fileRef = 321B66491C3A8DD800E25171 /* AppDelegate.m */; };
		321B664D1C3A8DD800E25171 /* ViewController.m in Sources */ = {isa = PBXBuildFile; fileRef = 321B664C1C3A8DD800E25171 /* ViewController.m */; };
		321B66501C3A8DD800E25171 /* Main.storyboard in Resources */ = {isa = PBXBuildFile; fileRef = 321B664E1C3A8DD800E25171 /* Main.storyboard */; };
		321B66521C3A8DD800E25171 /* Assets.xcassets in Resources */ = {isa = PBXBuildFile; fileRef = 321B66511C3A8DD800E25171 /* Assets.xcassets */; };
		321B66551C3A8DD800E25171 /* LaunchScreen.storyboard in Resources */ = {isa = PBXBuildFile; fileRef = 321B66531C3A8DD800E25171 /* LaunchScreen.storyboard */; };
/* End PBXBuildFile section */

/* Begin PBXFileReference section */
		321B66421C3A8DD800E25171 /* Test1_ScrollText.app */ = {isa = PBXFileReference; explicitFileType = wrapper.application; includeInIndex = 0; path = Test1_ScrollText.app; sourceTree = BUILT_PRODUCTS_DIR; };
		321B66461C3A8DD800E25171 /* main.m */ = {isa = PBXFileReference; lastKnownFileType = sourcecode.c.objc; path = main.m; sourceTree = "<group>"; };
		321B66481C3A8DD800E25171 /* AppDelegate.h */ = {isa = PBXFileReference; lastKnownFileType = sourcecode.c.h; path = AppDelegate.h; sourceTree = "<group>"; };
		321B66491C3A8DD800E25171 /* AppDelegate.m */ = {isa = PBXFileReference; lastKnownFileType = sourcecode.c.objc; path = AppDelegate.m; sourceTree = "<group>"; };
		321B664B1C3A8DD800E25171 /* ViewController.h */ = {isa = PBXFileReference; lastKnownFileType = sourcecode.c.h; path = ViewController.h; sourceTree = "<group>"; };
		321B664C1C3A8DD800E25171 /* ViewController.m */ = {isa = PBXFileReference; lastKnownFileType = sourcecode.c.objc; path = ViewController.m; sourceTree = "<group>"; };
		321B664F1C3A8DD800E25171 /* Base */ = {isa = PBXFileReference; lastKnownFileType = file.storyboard; name = Base; path = Base.lproj/Main.storyboard; sourceTree = "<group>"; };
		321B66511C3A8DD800E25171 /* Assets.xcassets */ = {isa = PBXFileReference; lastKnownFileType = folder.assetcatalog; path = Assets.xcassets; sourceTree = "<group>"; };
		321B66541C3A8DD800E25171 /* Base */ = {isa = PBXFileReference; lastKnownFileType = file.storyboard; name = Base; path = Base.lproj/LaunchScreen.storyboard; sourceTree = "<group>"; };
		321B66561C3A8DD800E25171 /* Info.plist */ = {isa = PBXFileReference; lastKnownFileType = text.plist.xml; path = Info.plist; sourceTree = "<group>"; };
/* End PBXFileReference section */

/* Begin PBXFrameworksBuildPhase section */
		321B663F1C3A8DD800E25171 /* Frameworks */ = {
			isa = PBXFrameworksBuildPhase;
			buildActionMask = 2147483647;
			files = (
			);
			runOnlyForDeploymentPostprocessing = 0;
		};
/* End PBXFrameworksBuildPhase section */

/* Begin PBXGroup section */
		321B66391C3A8DD800E25171 = {
			isa = PBXGroup;
			children = (
				321B66441C3A8DD800E25171 /* Test1_ScrollText */,
				321B66431C3A8DD800E25171 /* Products */,
			);
			sourceTree = "<group>";
		};
		321B66431C3A8DD800E25171 /* Products */ = {
			isa = PBXGroup;
			children = (
				321B66421C3A8DD800E25171 /* Test1_ScrollText.app */,
			);
			name = Products;
			sourceTree = "<group>";
		};
		321B66441C3A8DD800E25171 /* Test1_ScrollText */ = {
			isa = PBXGroup;
			children = (
				321B66481C3A8DD800E25171 /* AppDelegate.h */,
				321B66491C3A8DD800E25171 /* AppDelegate.m */,
				321B664B1C3A8DD800E25171 /* ViewController.h */,
				321B664C1C3A8DD800E25171 /* ViewController.m */,
				321B664E1C3A8DD800E25171 /* Main.storyboard */,
				321B66511C3A8DD800E25171 /* Assets.xcassets */,
				321B66531C3A8DD800E25171 /* LaunchScreen.storyboard */,
				321B66561C3A8DD800E25171 /* Info.plist */,
				321B66451C3A8DD800E25171 /* Supporting Files */,
			);
			path = Test1_ScrollText;
			sourceTree = "<group>";
		};
		321B66451C3A8DD800E25171 /* Supporting Files */ = {
			isa = PBXGroup;
			children = (
				321B66461C3A8DD800E25171 /* main.m */,
			);
			name = "Supporting Files";
			sourceTree = "<group>";
		};
/* End PBXGroup section */

/* Begin PBXNativeTarget section */
		321B66411C3A8DD800E25171 /* Test1_ScrollText */ = {
			isa = PBXNativeTarget;
			buildConfigurationList = 321B66591C3A8DD800E25171 /* Build configuration list for PBXNativeTarget "Test1_ScrollText" */;
			buildPhases = (
				321B663E1C3A8DD800E25171 /* Sources */,
				321B663F1C3A8DD800E25171 /* Frameworks */,
				321B66401C3A8DD800E25171 /* Resources */,
			);
			buildRules = (
			);
			dependencies = (
			);
			name = Test1_ScrollText;
			productName = Test1_ScrollText;
			productReference = 321B66421C3A8DD800E25171 /* Test1_ScrollText.app */;
			productType = "com.apple.product-type.application";
		};
/* End PBXNativeTarget section */

/* Begin PBXProject section */
		321B663A1C3A8DD800E25171 /* Project object */ = {
			isa = PBXProject;
			attributes = {
				LastUpgradeCheck = 0720;
				ORGANIZATIONNAME = TagsFor;
				TargetAttributes = {
					321B66411C3A8DD800E25171 = {
						CreatedOnToolsVersion = 7.2;
						DevelopmentTeam = KD3C28L6XX;
					};
				};
			};
			buildConfigurationList = 321B663D1C3A8DD800E25171 /* Build configuration list for PBXProject "Test1_ScrollText" */;
			compatibilityVersion = "Xcode 3.2";
			developmentRegion = English;
			hasScannedForEncodings = 0;
			knownRegions = (
				en,
				Base,
			);
			mainGroup = 321B66391C3A8DD800E25171;
			productRefGroup = 321B66431C3A8DD800E25171 /* Products */;
			projectDirPath = "";
			projectRoot = "";
			targets = (
				321B66411C3A8DD800E25171 /* Test1_ScrollText */,
			);
		};
/* End PBXProject section */

/* Begin PBXResourcesBuildPhase section */
		321B66401C3A8DD800E25171 /* Resources */ = {
			isa = PBXResourcesBuildPhase;
			buildActionMask = 2147483647;
			files = (
				321B66551C3A8DD800E25171 /* LaunchScreen.storyboard in Resources */,
				321B66521C3A8DD800E25171 /* Assets.xcassets in Resources */,
				321B66501C3A8DD800E25171 /* Main.storyboard in Resources */,
			);
			runOnlyForDeploymentPostprocessing = 0;
		};
/* End PBXResourcesBuildPhase section */

/* Begin PBXSourcesBuildPhase section */
		321B663E1C3A8DD800E25171 /* Sources */ = {
			isa = PBXSourcesBuildPhase;
			buildActionMask = 2147483647;
			files = (
				321B664D1C3A8DD800E25171 /* ViewController.m in Sources */,
				321B664A1C3A8DD800E25171 /* AppDelegate.m in Sources */,
				321B66471C3A8DD800E25171 /* main.m in Sources */,
			);
			runOnlyForDeploymentPostprocessing = 0;
		};
/* End PBXSourcesBuildPhase section */

/* Begin PBXVariantGroup section */
		321B664E1C3A8DD800E25171 /* Main.storyboard */ = {
			isa = PBXVariantGroup;
			children = (
				321B664F1C3A8DD800E25171 /* Base */,
			);
			name = Main.storyboard;
			sourceTree = "<group>";
		};
		321B66531C3A8DD800E25171 /* LaunchScreen.storyboard */ = {
			isa = PBXVariantGroup;
			children = (
				321B66541C3A8DD800E25171 /* Base */,
			);
			name = LaunchScreen.storyboard;
			sourceTree = "<group>";
		};
/* End PBXVariantGroup section */

/* Begin XCBuildConfiguration section */
		321B66571C3A8DD800E25171 /* Debug */ = {
			isa = XCBuildConfiguration;
			buildSettings = {
				ALWAYS_SEARCH_USER_PATHS = NO;
				CLANG_CXX_LANGUAGE_STANDARD = "gnu++0x";
				CLANG_CXX_LIBRARY = "libc++";
				CLANG_ENABLE_MODULES = YES;
				CLANG_ENABLE_OBJC_ARC = YES;
				CLANG_WARN_BOOL_CONVERSION = YES;
				CLANG_WARN_CONSTANT_CONVERSION = YES;
				CLANG_WARN_DIRECT_OBJC_ISA_USAGE = YES_ERROR;
				CLANG_WARN_EMPTY_BODY = YES;
				CLANG_WARN_ENUM_CONVERSION = YES;
				CLANG_WARN_INT_CONVERSION = YES;
				CLANG_WARN_OBJC_ROOT_CLASS = YES_ERROR;
				CLANG_WARN_UNREACHABLE_CODE = YES;
				CLANG_WARN__DUPLICATE_METHOD_MATCH = YES;
				"CODE_SIGN_IDENTITY[sdk=iphoneos*]" = "iPhone Developer";
				COPY_PHASE_STRIP = NO;
				DEBUG_INFORMATION_FORMAT = dwarf;
				ENABLE_STRICT_OBJC_MSGSEND = YES;
				ENABLE_TESTABILITY = YES;
				GCC_C_LANGUAGE_STANDARD = gnu99;
				GCC_DYNAMIC_NO_PIC = NO;
				GCC_NO_COMMON_BLOCKS = YES;
				GCC_OPTIMIZATION_LEVEL = 0;
				GCC_PREPROCESSOR_DEFINITIONS = (
					"DEBUG=1",
					"$(inherited)",
				);
				GCC_WARN_64_TO_32_BIT_CONVERSION = YES;
				GCC_WARN_ABOUT_RETURN_TYPE = YES_ERROR;
				GCC_WARN_UNDECLARED_SELECTOR = YES;
				GCC_WARN_UNINITIALIZED_AUTOS = YES_AGGRESSIVE;
				GCC_WARN_UNUSED_FUNCTION = YES;
				GCC_WARN_UNUSED_VARIABLE = YES;
				IPHONEOS_DEPLOYMENT_TARGET = 9.2;
				MTL_ENABLE_DEBUG_INFO = YES;
				ONLY_ACTIVE_ARCH = YES;
				SDKROOT = iphoneos;
			};
			name = Debug;
		};
		321B66581C3A8DD800E25171 /* Release */ = {
			isa = XCBuildConfiguration;
			buildSettings = {
				ALWAYS_SEARCH_USER_PATHS = NO;
				CLANG_CXX_LANGUAGE_STANDARD = "gnu++0x";
				CLANG_CXX_LIBRARY = "libc++";
				CLANG_ENABLE_MODULES = YES;
				CLANG_ENABLE_OBJC_ARC = YES;
				CLANG_WARN_BOOL_CONVERSION = YES;
				CLANG_WARN_CONSTANT_CONVERSION = YES;
				CLANG_WARN_DIRECT_OBJC_ISA_USAGE = YES_ERROR;
				CLANG_WARN_EMPTY_BODY = YES;
				CLANG_WARN_ENUM_CONVERSION = YES;
				CLANG_WARN_INT_CONVERSION = YES;
				CLANG_WARN_OBJC_ROOT_CLASS = YES_ERROR;
				CLANG_WARN_UNREACHABLE_CODE = YES;
				CLANG_WARN__DUPLICATE_METHOD_MATCH = YES;
				"CODE_SIGN_IDENTITY[sdk=iphoneos*]" = "iPhone Developer";
				COPY_PHASE_STRIP = NO;
				DEBUG_INFORMATION_FORMAT = "dwarf-with-dsym";
				ENABLE_NS_ASSERTIONS = NO;
				ENABLE_STRICT_OBJC_MSGSEND = YES;
				GCC_C_LANGUAGE_STANDARD = gnu99;
				GCC_NO_COMMON_BLOCKS = YES;
				GCC_WARN_64_TO_32_BIT_CONVERSION = YES;
				GCC_WARN_ABOUT_RETURN_TYPE = YES_ERROR;
				GCC_WARN_UNDECLARED_SELECTOR = YES;
				GCC_WARN_UNINITIALIZED_AUTOS = YES_AGGRESSIVE;
				GCC_WARN_UNUSED_FUNCTION = YES;
				GCC_WARN_UNUSED_VARIABLE = YES;
				IPHONEOS_DEPLOYMENT_TARGET = 9.2;
				MTL_ENABLE_DEBUG_INFO = NO;
				SDKROOT = iphoneos;
				VALIDATE_PRODUCT = YES;
			};
			name = Release;
		};
		321B665A1C3A8DD800E25171 /* Debug */ = {
			isa = XCBuildConfiguration;
			buildSettings = {
				ASSETCATALOG_COMPILER_APPICON_NAME = AppIcon;
				INFOPLIST_FILE = Test1_ScrollText/Info.plist;
				LD_RUNPATH_SEARCH_PATHS = "$(inherited) @executable_path/Frameworks";
				PRODUCT_BUNDLE_IDENTIFIER = "com.tagsfor.Test1-ScrollText";
				PRODUCT_NAME = "$(TARGET_NAME)";
			};
			name = Debug;
		};
		321B665B1C3A8DD800E25171 /* Release */ = {
			isa = XCBuildConfiguration;
			buildSettings = {
				ASSETCATALOG_COMPILER_APPICON_NAME = AppIcon;
				INFOPLIST_FILE = Test1_ScrollText/Info.plist;
				LD_RUNPATH_SEARCH_PATHS = "$(inherited) @executable_path/Frameworks";
				PRODUCT_BUNDLE_IDENTIFIER = "com.tagsfor.Test1-ScrollText";
				PRODUCT_NAME = "$(TARGET_NAME)";
			};
			name = Release;
		};
/* End XCBuildConfiguration section */

/* Begin XCConfigurationList section */
		321B663D1C3A8DD800E25171 /* Build configuration list for PBXProject "Test1_ScrollText" */ = {
			isa = XCConfigurationList;
			buildConfigurations = (
				321B66571C3A8DD800E25171 /* Debug */,
				321B66581C3A8DD800E25171 /* Release */,
			);
			defaultConfigurationIsVisible = 0;
			defaultConfigurationName = Release;
		};
		321B66591C3A8DD800E25171 /* Build configuration list for PBXNativeTarget "Test1_ScrollText" */ = {
			isa = XCConfigurationList;
			buildConfigurations = (
				321B665A1C3A8DD800E25171 /* Debug */,
				321B665B1C3A8DD800E25171 /* Release */,
			);
			defaultConfigurationIsVisible = 0;
		};
/* End XCConfigurationList section */
	};
	rootObject = 321B663A1C3A8DD800E25171 /* Project object */;
}
